
Microsoft Visual Studio Solution File, Format Version 12.00
# Visual Studio Version 17
VisualStudioVersion = 17.4.33205.214
MinimumVisualStudioVersion = 10.0.40219.1
Project("{FAE04EC0-301F-11D3-BF4B-00C04F79EFBC}") = "WebApplication", "WebApplication.csproj", "{3399E7F5-D11B-4414-B580-497F16544763}"
EndProject
Global
	GlobalSection(SolutionConfigurationPlatforms) = preSolution
		Debug|Any CPU = Debug|Any CPU
		Release|Any CPU = Release|Any CPU
	EndGlobalSection
	GlobalSection(ProjectConfigurationPlatforms) = postSolution
		{3399E7F5-D11B-4414-B580-497F16544763}.Debug|Any CPU.ActiveCfg = Debug|Any CPU
		{3399E7F5-D11B-4414-B580-497F16544763}.Debug|Any CPU.Build.0 = Debug|Any CPU
		{3399E7F5-D11B-4414-B580-497F16544763}.Release|Any CPU.ActiveCfg = Release|Any CPU
		{3399E7F5-D11B-4414-B580-497F16544763}.Release|Any CPU.Build.0 = Release|Any CPU
	EndGlobalSection
	GlobalSection(SolutionProperties) = preSolution
		HideSolutionNode = FALSE
	EndGlobalSection
	GlobalSection(ExtensibilityGlobals) = postSolution
		SolutionGuid = {084C1A0A-2AA4-43F1-9E66-32E911BD3CFF}
	EndGlobalSection
EndGlobal
